
Microsoft Visual Studio Solution File, Format Version 12.00
# Visual Studio Version 17
VisualStudioVersion = 17.0.32112.339
MinimumVisualStudioVersion = 10.0.40219.1
Project("{FAE04EC0-301F-11D3-BF4B-00C04F79EFBC}") = "DelegationDemo", "DelegationDemo\DelegationDemo.csproj", "{59DF7E9E-F1E2-478B-B7C3-1F591931C94D}"
EndProject
Global
	GlobalSection(SolutionConfigurationPlatforms) = preSolution
		Debug|Any CPU = Debug|Any CPU
		Release|Any CPU = Release|Any CPU
	EndGlobalSection
	GlobalSection(ProjectConfigurationPlatforms) = postSolution
		{59DF7E9E-F1E2-478B-B7C3-1F591931C94D}.Debug|Any CPU.ActiveCfg = Debug|Any CPU
		{59DF7E9E-F1E2-478B-B7C3-1F591931C94D}.Debug|Any CPU.Build.0 = Debug|Any CPU
		{59DF7E9E-F1E2-478B-B7C3-1F591931C94D}.Release|Any CPU.ActiveCfg = Release|Any CPU
		{59DF7E9E-F1E2-478B-B7C3-1F591931C94D}.Release|Any CPU.Build.0 = Release|Any CPU
	EndGlobalSection
	GlobalSection(SolutionProperties) = preSolution
		HideSolutionNode = FALSE
	EndGlobalSection
	GlobalSection(ExtensibilityGlobals) = postSolution
		SolutionGuid = {2C8E9E64-1236-4589-9680-D139C8E94792}
	EndGlobalSection
EndGlobal
